github.com/cpuguy83/go-md2man v1.0.10 h1:BSKMNlYxDvnunlTymqtgONjNnaRV1sTpcovwwjF22jk=
github.com/cpuguy83/go-md2man v1.0.10/go.mod h1:SmD6nW6nTyfqj6ABTjUi3V3JVMnlJmwcJI5acqYI6dE=
github.com/docker/distribution v2.7.1+incompatible h1:a5mlkVzth6W5A4fOsS3D2EO5BUmsJpcB+cRlLU7cSug=
github.com/docker/distribution v2.7.1+incompatible/go.mod h1:J2gT2udsDAN96Uj4KfcMRqY0/ypR+oyYUYmja8H+y+w=
github.com/inconshreveable/mousetrap v1.0.0 h1:Z8tu5sraLXCXIcARxBp/8cbvlwVa7Z1NHg9XEKhtSvM=
github.com/inconshreveable/mousetrap v1.0.0/go.mod h1:PxqpIevigyE2G7u3NXJIT2ANytuPF1OarO4DADm73n8=
github.com/opencontainers/go-digest v1.0.0-rc1 h1:WzifXhOVOEOuFYOJAW6aQqW0TooG2iki3E3Ii+WN7gQ=
github.com/opencontainers/go-digest v1.0.0-rc1/go.mod h1:cMLVZDEM3+U2I4VmLI6N8jQYUd2OVphdqWwCJHrFt2s=
github.com/opencontainers/image-spec v1.0.1 h1:JMemWkRwHx4Zj+fVxWoMCFm/8sYGGrUVojFA6h/TRcI=
github.com/opencontainers/image-spec v1.0.1/go.mod h1:BtxoFyWECRxE4U/7sNtV5W15zMzWCbyJoFRP3s7yZA0=
github.com/russross/blackfriday v1.5.2 h1:HyvC0ARfnZBqnXwABFeSZHpKvJHJJfPz81GNueLj0oo=
github.com/russross/blackfriday v1.5.2/go.mod h1:JO/DiYxRf+HjHt06OyowR9PTA263kcR/rfWxYHBV53g=
github.com/spf13/cobra v0.0.3 h1:ZlrZ4XsMRm04Fr5pSFxBgfND2EBVa1nLpiy1stUsX/8=
github.com/spf13/cobra v0.0.3/go.mod h1:1l0Ry5zgKvJasoi3XT1TypsSe7PqH0Sj9dhYf7v3XqQ=
github.com/spf13/pflag v1.0.3 h1:zPAT6CGy6wXeQ7NtTnaTerfKOsV6V6F8agHXFiazDkg=
github.com/spf13/pflag v1.0.3/go.mod h1:DYY7MBk1bdzusC3SYhjObp+wFpr4gzcvqqNjLnInEg4=
gopkg.in/check.v1 v0.0.0-20161208181325-20d25e280405/go.mod h1:Co6ibVJAznAaIkqp8huTwlJQCZ016jof/cbN4VW5Yz0=
gopkg.in/yaml.v2 v2.2.2 h1:ZCJp+EgiOT7lHqUV2J862kp8Qj64Jo6az82+3Td9dZw=
gopkg.in/yaml.v2 v2.2.2/go.mod h1:hI93XBmqTisBFMUTm0b8Fm+jr3Dg1NNxqwp+5A1VGuI=
